// !$*UTF8*$!
{
	archiveVersion = 1;
	classes = {
	};
	objectVersion = 46;
	objects = {

/* Begin PBXBuildFile section */
		800D3DBA144338DA00FC53AF /* DataManager.m in Sources */ = {isa = PBXBuildFile; fileRef = 800D3DB9144338DA00FC53AF /* DataManager.m */; };
		800D3DBE144354B600FC53AF /* TodayDatePicker.m in Sources */ = {isa = PBXBuildFile; fileRef = 800D3DBD144354B600FC53AF /* TodayDatePicker.m */; };
		800D3DC11443550800FC53AF /* Transaction.m in Sources */ = {isa = PBXBuildFile; fileRef = 800D3DC01443550800FC53AF /* Transaction.m */; };
		800D3DC41443552D00FC53AF /* User.m in Sources */ = {isa = PBXBuildFile; fileRef = 800D3DC31443552D00FC53AF /* User.m */; };
		800D3DC7144355FA00FC53AF /* TransController.m in Sources */ = {isa = PBXBuildFile; fileRef = 800D3DC6144355F900FC53AF /* TransController.m */; };
		801A1B0514449C5E000A3BF0 /* CurrentTransEntry.m in Sources */ = {isa = PBXBuildFile; fileRef = 801A1B0414449C5E000A3BF0 /* CurrentTransEntry.m */; };
		801A1B091444A4C2000A3BF0 /* CurrentTransEntryController.m in Sources */ = {isa = PBXBuildFile; fileRef = 801A1B081444A4C2000A3BF0 /* CurrentTransEntryController.m */; };
		801A1B0C1444A569000A3BF0 /* SalesController.m in Sources */ = {isa = PBXBuildFile; fileRef = 801A1B0B1444A568000A3BF0 /* SalesController.m */; };
		8066FBA514432FAD00E48AF1 /* Cocoa.framework in Frameworks */ = {isa = PBXBuildFile; fileRef = 8066FBA414432FAD00E48AF1 /* Cocoa.framework */; };
		8066FBAF14432FAD00E48AF1 /* InfoPlist.strings in Resources */ = {isa = PBXBuildFile; fileRef = 8066FBAD14432FAD00E48AF1 /* InfoPlist.strings */; };
		8066FBB214432FAD00E48AF1 /* main.m in Sources */ = {isa = PBXBuildFile; fileRef = 8066FBB114432FAD00E48AF1 /* main.m */; };
		8066FBB514432FAD00E48AF1 /* Credits.rtf in Resources */ = {isa = PBXBuildFile; fileRef = 8066FBB314432FAD00E48AF1 /* Credits.rtf */; };
		8066FBB814432FAD00E48AF1 /* PukkaAccountsAppDelegate.m in Sources */ = {isa = PBXBuildFile; fileRef = 8066FBB714432FAD00E48AF1 /* PukkaAccountsAppDelegate.m */; };
		8066FBBB14432FAD00E48AF1 /* MainMenu.xib in Resources */ = {isa = PBXBuildFile; fileRef = 8066FBB914432FAD00E48AF1 /* MainMenu.xib */; };
		8066FBBE14432FAD00E48AF1 /* PukkaAccounts.xcdatamodeld in Sources */ = {isa = PBXBuildFile; fileRef = 8066FBBC14432FAD00E48AF1 /* PukkaAccounts.xcdatamodeld */; };
		80A4972C147C0EB10047263F /* pukka_icon.icns in Resources */ = {isa = PBXBuildFile; fileRef = 80A4972B147C0EB10047263F /* pukka_icon.icns */; };
		80CA5DDB1476B03C00D55DD2 /* Localizable.strings in Resources */ = {isa = PBXBuildFile; fileRef = 80CA5DD91476B03C00D55DD2 /* Localizable.strings */; };
		80CCF66714473F6D00F66FA8 /* CDataScanner_Extensions.m in Sources */ = {isa = PBXBuildFile; fileRef = 80CCF65E14473F6D00F66FA8 /* CDataScanner_Extensions.m */; };
		80CCF66814473F6D00F66FA8 /* CDataScanner.m in Sources */ = {isa = PBXBuildFile; fileRef = 80CCF66014473F6D00F66FA8 /* CDataScanner.m */; };
		80CCF66914473F6D00F66FA8 /* CJSONDeserializer.m in Sources */ = {isa = PBXBuildFile; fileRef = 80CCF66214473F6D00F66FA8 /* CJSONDeserializer.m */; };
		80CCF66A14473F6D00F66FA8 /* CJSONScanner.m in Sources */ = {isa = PBXBuildFile; fileRef = 80CCF66414473F6D00F66FA8 /* CJSONScanner.m */; };
		80CCF66B14473F6D00F66FA8 /* CJSONSerializer.m in Sources */ = {isa = PBXBuildFile; fileRef = 80CCF66614473F6D00F66FA8 /* CJSONSerializer.m */; };
		80D8E73914596E6D00702575 /* greenbuttonlarge.png in Resources */ = {isa = PBXBuildFile; fileRef = 80D8E73814596E6D00702575 /* greenbuttonlarge.png */; };
		80E281B21459C25300930C9F /* CurrentSaleState.m in Sources */ = {isa = PBXBuildFile; fileRef = 80E281B11459C25300930C9F /* CurrentSaleState.m */; };
		80F3B0DD14596B5100DE8A29 /* redButton.png in Resources */ = {isa = PBXBuildFile; fileRef = 80F3B0DC14596B5100DE8A29 /* redButton.png */; };
/* End PBXBuildFile section */

/* Begin PBXFileReference section */
		800D3DB8144338DA00FC53AF /* DataManager.h */ = {isa = PBXFileReference; fileEncoding = 4; lastKnownFileType = sourcecode.c.h; path = DataManager.h; sourceTree = "<group>"; };
		800D3DB9144338DA00FC53AF /* DataManager.m */ = {isa = PBXFileReference; fileEncoding = 4; lastKnownFileType = sourcecode.c.objc; path = DataManager.m; sourceTree = "<group>"; };
		800D3DBC144354B600FC53AF /* TodayDatePicker.h */ = {isa = PBXFileReference; fileEncoding = 4; lastKnownFileType = sourcecode.c.h; path = TodayDatePicker.h; sourceTree = "<group>"; };
		800D3DBD144354B600FC53AF /* TodayDatePicker.m */ = {isa = PBXFileReference; fileEncoding = 4; lastKnownFileType = sourcecode.c.objc; path = TodayDatePicker.m; sourceTree = "<group>"; };
		800D3DBF1443550800FC53AF /* Transaction.h */ = {isa = PBXFileReference; fileEncoding = 4; lastKnownFileType = sourcecode.c.h; path = Transaction.h; sourceTree = "<group>"; };
		800D3DC01443550800FC53AF /* Transaction.m */ = {isa = PBXFileReference; fileEncoding = 4; lastKnownFileType = sourcecode.c.objc; path = Transaction.m; sourceTree = "<group>"; };
		800D3DC21443552D00FC53AF /* User.h */ = {isa = PBXFileReference; fileEncoding = 4; lastKnownFileType = sourcecode.c.h; path = User.h; sourceTree = "<group>"; };
		800D3DC31443552D00FC53AF /* User.m */ = {isa = PBXFileReference; fileEncoding = 4; lastKnownFileType = sourcecode.c.objc; path = User.m; sourceTree = "<group>"; };
		800D3DC5144355F900FC53AF /* TransController.h */ = {isa = PBXFileReference; fileEncoding = 4; lastKnownFileType = sourcecode.c.h; path = TransController.h; sourceTree = "<group>"; };
		800D3DC6144355F900FC53AF /* TransController.m */ = {isa = PBXFileReference; fileEncoding = 4; lastKnownFileType = sourcecode.c.objc; path = TransController.m; sourceTree = "<group>"; };
		801A1B0314449C5E000A3BF0 /* CurrentTransEntry.h */ = {isa = PBXFileReference; fileEncoding = 4; lastKnownFileType = sourcecode.c.h; path = CurrentTransEntry.h; sourceTree = "<group>"; };
		801A1B0414449C5E000A3BF0 /* CurrentTransEntry.m */ = {isa = PBXFileReference; fileEncoding = 4; lastKnownFileType = sourcecode.c.objc; path = CurrentTransEntry.m; sourceTree = "<group>"; };
		801A1B071444A4C2000A3BF0 /* CurrentTransEntryController.h */ = {isa = PBXFileReference; fileEncoding = 4; lastKnownFileType = sourcecode.c.h; path = CurrentTransEntryController.h; sourceTree = "<group>"; };
		801A1B081444A4C2000A3BF0 /* CurrentTransEntryController.m */ = {isa = PBXFileReference; fileEncoding = 4; lastKnownFileType = sourcecode.c.objc; path = CurrentTransEntryController.m; sourceTree = "<group>"; };
		801A1B0A1444A568000A3BF0 /* SalesController.h */ = {isa = PBXFileReference; fileEncoding = 4; lastKnownFileType = sourcecode.c.h; path = SalesController.h; sourceTree = "<group>"; };
		801A1B0B1444A568000A3BF0 /* SalesController.m */ = {isa = PBXFileReference; fileEncoding = 4; lastKnownFileType = sourcecode.c.objc; path = SalesController.m; sourceTree = "<group>"; };
		8066FBA014432FAD00E48AF1 /* PukkaAccounts.app */ = {isa = PBXFileReference; explicitFileType = wrapper.application; includeInIndex = 0; path = PukkaAccounts.app; sourceTree = BUILT_PRODUCTS_DIR; };
		8066FBA414432FAD00E48AF1 /* Cocoa.framework */ = {isa = PBXFileReference; lastKnownFileType = wrapper.framework; name = Cocoa.framework; path = System/Library/Frameworks/Cocoa.framework; sourceTree = SDKROOT; };
		8066FBA714432FAD00E48AF1 /* AppKit.framework */ = {isa = PBXFileReference; lastKnownFileType = wrapper.framework; name = AppKit.framework; path = System/Library/Frameworks/AppKit.framework; sourceTree = SDKROOT; };
		8066FBA814432FAD00E48AF1 /* CoreData.framework */ = {isa = PBXFileReference; lastKnownFileType = wrapper.framework; name = CoreData.framework; path = System/Library/Frameworks/CoreData.framework; sourceTree = SDKROOT; };
		8066FBA914432FAD00E48AF1 /* Foundation.framework */ = {isa = PBXFileReference; lastKnownFileType = wrapper.framework; name = Foundation.framework; path = System/Library/Frameworks/Foundation.framework; sourceTree = SDKROOT; };
		8066FBAC14432FAD00E48AF1 /* PukkaAccounts-Info.plist */ = {isa = PBXFileReference; lastKnownFileType = text.plist.xml; path = "PukkaAccounts-Info.plist"; sourceTree = "<group>"; };
		8066FBAE14432FAD00E48AF1 /* en */ = {isa = PBXFileReference; lastKnownFileType = text.plist.strings; name = en; path = en.lproj/InfoPlist.strings; sourceTree = "<group>"; };
		8066FBB014432FAD00E48AF1 /* PukkaAccounts-Prefix.pch */ = {isa = PBXFileReference; lastKnownFileType = sourcecode.c.h; path = "PukkaAccounts-Prefix.pch"; sourceTree = "<group>"; };
		8066FBB114432FAD00E48AF1 /* main.m */ = {isa = PBXFileReference; lastKnownFileType = sourcecode.c.objc; path = main.m; sourceTree = "<group>"; };
		8066FBB414432FAD00E48AF1 /* en */ = {isa = PBXFileReference; lastKnownFileType = text.rtf; name = en; path = en.lproj/Credits.rtf; sourceTree = "<group>"; };
		8066FBB614432FAD00E48AF1 /* PukkaAccountsAppDelegate.h */ = {isa = PBXFileReference; lastKnownFileType = sourcecode.c.h; path = PukkaAccountsAppDelegate.h; sourceTree = "<group>"; };
		8066FBB714432FAD00E48AF1 /* PukkaAccountsAppDelegate.m */ = {isa = PBXFileReference; lastKnownFileType = sourcecode.c.objc; path = PukkaAccountsAppDelegate.m; sourceTree = "<group>"; };
		8066FBBA14432FAD00E48AF1 /* en */ = {isa = PBXFileReference; lastKnownFileType = file.xib; name = en; path = en.lproj/MainMenu.xib; sourceTree = "<group>"; };
		8066FBBD14432FAD00E48AF1 /* PukkaAccounts.xcdatamodel */ = {isa = PBXFileReference; lastKnownFileType = wrapper.xcdatamodel; path = PukkaAccounts.xcdatamodel; sourceTree = "<group>"; };
		80A4972B147C0EB10047263F /* pukka_icon.icns */ = {isa = PBXFileReference; lastKnownFileType = image.icns; path = pukka_icon.icns; sourceTree = "<group>"; };
		80CA5DDA1476B03C00D55DD2 /* en */ = {isa = PBXFileReference; lastKnownFileType = text.plist.strings; name = en; path = en.lproj/Localizable.strings; sourceTree = "<group>"; };
		80CCF65D14473F6D00F66FA8 /* CDataScanner_Extensions.h */ = {isa = PBXFileReference; fileEncoding = 4; lastKnownFileType = sourcecode.c.h; path = CDataScanner_Extensions.h; sourceTree = "<group>"; };
		80CCF65E14473F6D00F66FA8 /* CDataScanner_Extensions.m */ = {isa = PBXFileReference; fileEncoding = 4; lastKnownFileType = sourcecode.c.objc; path = CDataScanner_Extensions.m; sourceTree = "<group>"; };
		80CCF65F14473F6D00F66FA8 /* CDataScanner.h */ = {isa = PBXFileReference; fileEncoding = 4; lastKnownFileType = sourcecode.c.h; path = CDataScanner.h; sourceTree = "<group>"; };
		80CCF66014473F6D00F66FA8 /* CDataScanner.m */ = {isa = PBXFileReference; fileEncoding = 4; lastKnownFileType = sourcecode.c.objc; path = CDataScanner.m; sourceTree = "<group>"; };
		80CCF66114473F6D00F66FA8 /* CJSONDeserializer.h */ = {isa = PBXFileReference; fileEncoding = 4; lastKnownFileType = sourcecode.c.h; path = CJSONDeserializer.h; sourceTree = "<group>"; };
		80CCF66214473F6D00F66FA8 /* CJSONDeserializer.m */ = {isa = PBXFileReference; fileEncoding = 4; lastKnownFileType = sourcecode.c.objc; path = CJSONDeserializer.m; sourceTree = "<group>"; };
		80CCF66314473F6D00F66FA8 /* CJSONScanner.h */ = {isa = PBXFileReference; fileEncoding = 4; lastKnownFileType = sourcecode.c.h; path = CJSONScanner.h; sourceTree = "<group>"; };
		80CCF66414473F6D00F66FA8 /* CJSONScanner.m */ = {isa = PBXFileReference; fileEncoding = 4; lastKnownFileType = sourcecode.c.objc; path = CJSONScanner.m; sourceTree = "<group>"; };
		80CCF66514473F6D00F66FA8 /* CJSONSerializer.h */ = {isa = PBXFileReference; fileEncoding = 4; lastKnownFileType = sourcecode.c.h; path = CJSONSerializer.h; sourceTree = "<group>"; };
		80CCF66614473F6D00F66FA8 /* CJSONSerializer.m */ = {isa = PBXFileReference; fileEncoding = 4; lastKnownFileType = sourcecode.c.objc; path = CJSONSerializer.m; sourceTree = "<group>"; };
		80D8E73814596E6D00702575 /* greenbuttonlarge.png */ = {isa = PBXFileReference; lastKnownFileType = image.png; path = greenbuttonlarge.png; sourceTree = "<group>"; };
		80E281B01459C25300930C9F /* CurrentSaleState.h */ = {isa = PBXFileReference; fileEncoding = 4; lastKnownFileType = sourcecode.c.h; path = CurrentSaleState.h; sourceTree = "<group>"; };
		80E281B11459C25300930C9F /* CurrentSaleState.m */ = {isa = PBXFileReference; fileEncoding = 4; lastKnownFileType = sourcecode.c.objc; path = CurrentSaleState.m; sourceTree = "<group>"; };
		80F3B0DC14596B5100DE8A29 /* redButton.png */ = {isa = PBXFileReference; lastKnownFileType = image.png; path = redButton.png; sourceTree = "<group>"; };
/* End PBXFileReference section */

/* Begin PBXFrameworksBuildPhase section */
		8066FB9D14432FAD00E48AF1 /* Frameworks */ = {
			isa = PBXFrameworksBuildPhase;
			buildActionMask = 2147483647;
			files = (
				8066FBA514432FAD00E48AF1 /* Cocoa.framework in Frameworks */,
			);
			runOnlyForDeploymentPostprocessing = 0;
		};
/* End PBXFrameworksBuildPhase section */

/* Begin PBXGroup section */
		8066FB9514432FAD00E48AF1 = {
			isa = PBXGroup;
			children = (
				80A4972B147C0EB10047263F /* pukka_icon.icns */,
				8066FBAA14432FAD00E48AF1 /* PukkaAccounts */,
				8066FBA314432FAD00E48AF1 /* Frameworks */,
				8066FBA114432FAD00E48AF1 /* Products */,
			);
			sourceTree = "<group>";
		};
		8066FBA114432FAD00E48AF1 /* Products */ = {
			isa = PBXGroup;
			children = (
				8066FBA014432FAD00E48AF1 /* PukkaAccounts.app */,
			);
			name = Products;
			sourceTree = "<group>";
		};
		8066FBA314432FAD00E48AF1 /* Frameworks */ = {
			isa = PBXGroup;
			children = (
				8066FBA414432FAD00E48AF1 /* Cocoa.framework */,
				8066FBA614432FAD00E48AF1 /* Other Frameworks */,
			);
			name = Frameworks;
			sourceTree = "<group>";
		};
		8066FBA614432FAD00E48AF1 /* Other Frameworks */ = {
			isa = PBXGroup;
			children = (
				8066FBA714432FAD00E48AF1 /* AppKit.framework */,
				8066FBA814432FAD00E48AF1 /* CoreData.framework */,
				8066FBA914432FAD00E48AF1 /* Foundation.framework */,
			);
			name = "Other Frameworks";
			sourceTree = "<group>";
		};
		8066FBAA14432FAD00E48AF1 /* PukkaAccounts */ = {
			isa = PBXGroup;
			children = (
				80F3B0DC14596B5100DE8A29 /* redButton.png */,
				80D8E73814596E6D00702575 /* greenbuttonlarge.png */,
				80CCF65C14473F2700F66FA8 /* TouchJSON */,
				800D3DBC144354B600FC53AF /* TodayDatePicker.h */,
				800D3DBD144354B600FC53AF /* TodayDatePicker.m */,
				800D3DB8144338DA00FC53AF /* DataManager.h */,
				800D3DB9144338DA00FC53AF /* DataManager.m */,
				8066FBB614432FAD00E48AF1 /* PukkaAccountsAppDelegate.h */,
				8066FBB714432FAD00E48AF1 /* PukkaAccountsAppDelegate.m */,
				8066FBB914432FAD00E48AF1 /* MainMenu.xib */,
				8066FBBC14432FAD00E48AF1 /* PukkaAccounts.xcdatamodeld */,
				800D3DC21443552D00FC53AF /* User.h */,
				800D3DC31443552D00FC53AF /* User.m */,
				800D3DBF1443550800FC53AF /* Transaction.h */,
				800D3DC01443550800FC53AF /* Transaction.m */,
				801A1B0314449C5E000A3BF0 /* CurrentTransEntry.h */,
				801A1B0414449C5E000A3BF0 /* CurrentTransEntry.m */,
				801A1B071444A4C2000A3BF0 /* CurrentTransEntryController.h */,
				801A1B081444A4C2000A3BF0 /* CurrentTransEntryController.m */,
				801A1B0A1444A568000A3BF0 /* SalesController.h */,
				801A1B0B1444A568000A3BF0 /* SalesController.m */,
				800D3DC5144355F900FC53AF /* TransController.h */,
				800D3DC6144355F900FC53AF /* TransController.m */,
				80E281B01459C25300930C9F /* CurrentSaleState.h */,
				80E281B11459C25300930C9F /* CurrentSaleState.m */,
				8066FBAB14432FAD00E48AF1 /* Supporting Files */,
			);
			path = PukkaAccounts;
			sourceTree = "<group>";
		};
		8066FBAB14432FAD00E48AF1 /* Supporting Files */ = {
			isa = PBXGroup;
			children = (
				80CA5DD91476B03C00D55DD2 /* Localizable.strings */,
				8066FBAC14432FAD00E48AF1 /* PukkaAccounts-Info.plist */,
				8066FBAD14432FAD00E48AF1 /* InfoPlist.strings */,
				8066FBB014432FAD00E48AF1 /* PukkaAccounts-Prefix.pch */,
				8066FBB114432FAD00E48AF1 /* main.m */,
				8066FBB314432FAD00E48AF1 /* Credits.rtf */,
			);
			name = "Supporting Files";
			sourceTree = "<group>";
		};
		80CCF65C14473F2700F66FA8 /* TouchJSON */ = {
			isa = PBXGroup;
			children = (
				80CCF65D14473F6D00F66FA8 /* CDataScanner_Extensions.h */,
				80CCF65E14473F6D00F66FA8 /* CDataScanner_Extensions.m */,
				80CCF65F14473F6D00F66FA8 /* CDataScanner.h */,
				80CCF66014473F6D00F66FA8 /* CDataScanner.m */,
				80CCF66114473F6D00F66FA8 /* CJSONDeserializer.h */,
				80CCF66214473F6D00F66FA8 /* CJSONDeserializer.m */,
				80CCF66314473F6D00F66FA8 /* CJSONScanner.h */,
				80CCF66414473F6D00F66FA8 /* CJSONScanner.m */,
				80CCF66514473F6D00F66FA8 /* CJSONSerializer.h */,
				80CCF66614473F6D00F66FA8 /* CJSONSerializer.m */,
			);
			name = TouchJSON;
			sourceTree = "<group>";
		};
/* End PBXGroup section */

/* Begin PBXNativeTarget section */
		8066FB9F14432FAD00E48AF1 /* PukkaAccounts */ = {
			isa = PBXNativeTarget;
			buildConfigurationList = 8066FBC114432FAD00E48AF1 /* Build configuration list for PBXNativeTarget "PukkaAccounts" */;
			buildPhases = (
				8066FB9C14432FAD00E48AF1 /* Sources */,
				8066FB9D14432FAD00E48AF1 /* Frameworks */,
				8066FB9E14432FAD00E48AF1 /* Resources */,
			);
			buildRules = (
			);
			dependencies = (
			);
			name = PukkaAccounts;
			productName = PukkaAccounts;
			productReference = 8066FBA014432FAD00E48AF1 /* PukkaAccounts.app */;
			productType = "com.apple.product-type.application";
		};
/* End PBXNativeTarget section */

/* Begin PBXProject section */
		8066FB9714432FAD00E48AF1 /* Project object */ = {
			isa = PBXProject;
			buildConfigurationList = 8066FB9A14432FAD00E48AF1 /* Build configuration list for PBXProject "PukkaAccounts" */;
			compatibilityVersion = "Xcode 3.2";
			developmentRegion = English;
			hasScannedForEncodings = 0;
			knownRegions = (
				en,
			);
			mainGroup = 8066FB9514432FAD00E48AF1;
			productRefGroup = 8066FBA114432FAD00E48AF1 /* Products */;
			projectDirPath = "";
			projectRoot = "";
			targets = (
				8066FB9F14432FAD00E48AF1 /* PukkaAccounts */,
			);
		};
/* End PBXProject section */

/* Begin PBXResourcesBuildPhase section */
		8066FB9E14432FAD00E48AF1 /* Resources */ = {
			isa = PBXResourcesBuildPhase;
			buildActionMask = 2147483647;
			files = (
				8066FBAF14432FAD00E48AF1 /* InfoPlist.strings in Resources */,
				8066FBB514432FAD00E48AF1 /* Credits.rtf in Resources */,
				8066FBBB14432FAD00E48AF1 /* MainMenu.xib in Resources */,
				80F3B0DD14596B5100DE8A29 /* redButton.png in Resources */,
				80D8E73914596E6D00702575 /* greenbuttonlarge.png in Resources */,
				80CA5DDB1476B03C00D55DD2 /* Localizable.strings in Resources */,
				80A4972C147C0EB10047263F /* pukka_icon.icns in Resources */,
			);
			runOnlyForDeploymentPostprocessing = 0;
		};
/* End PBXResourcesBuildPhase section */

/* Begin PBXSourcesBuildPhase section */
		8066FB9C14432FAD00E48AF1 /* Sources */ = {
			isa = PBXSourcesBuildPhase;
			buildActionMask = 2147483647;
			files = (
				8066FBB214432FAD00E48AF1 /* main.m in Sources */,
				8066FBB814432FAD00E48AF1 /* PukkaAccountsAppDelegate.m in Sources */,
				8066FBBE14432FAD00E48AF1 /* PukkaAccounts.xcdatamodeld in Sources */,
				800D3DBA144338DA00FC53AF /* DataManager.m in Sources */,
				800D3DBE144354B600FC53AF /* TodayDatePicker.m in Sources */,
				800D3DC11443550800FC53AF /* Transaction.m in Sources */,
				800D3DC41443552D00FC53AF /* User.m in Sources */,
				800D3DC7144355FA00FC53AF /* TransController.m in Sources */,
				801A1B0514449C5E000A3BF0 /* CurrentTransEntry.m in Sources */,
				801A1B091444A4C2000A3BF0 /* CurrentTransEntryController.m in Sources */,
				801A1B0C1444A569000A3BF0 /* SalesController.m in Sources */,
				80CCF66714473F6D00F66FA8 /* CDataScanner_Extensions.m in Sources */,
				80CCF66814473F6D00F66FA8 /* CDataScanner.m in Sources */,
				80CCF66914473F6D00F66FA8 /* CJSONDeserializer.m in Sources */,
				80CCF66A14473F6D00F66FA8 /* CJSONScanner.m in Sources */,
				80CCF66B14473F6D00F66FA8 /* CJSONSerializer.m in Sources */,
				80E281B21459C25300930C9F /* CurrentSaleState.m in Sources */,
			);
			runOnlyForDeploymentPostprocessing = 0;
		};
/* End PBXSourcesBuildPhase section */

/* Begin PBXVariantGroup section */
		8066FBAD14432FAD00E48AF1 /* InfoPlist.strings */ = {
			isa = PBXVariantGroup;
			children = (
				8066FBAE14432FAD00E48AF1 /* en */,
			);
			name = InfoPlist.strings;
			sourceTree = "<group>";
		};
		8066FBB314432FAD00E48AF1 /* Credits.rtf */ = {
			isa = PBXVariantGroup;
			children = (
				8066FBB414432FAD00E48AF1 /* en */,
			);
			name = Credits.rtf;
			sourceTree = "<group>";
		};
		8066FBB914432FAD00E48AF1 /* MainMenu.xib */ = {
			isa = PBXVariantGroup;
			children = (
				8066FBBA14432FAD00E48AF1 /* en */,
			);
			name = MainMenu.xib;
			sourceTree = "<group>";
		};
		80CA5DD91476B03C00D55DD2 /* Localizable.strings */ = {
			isa = PBXVariantGroup;
			children = (
				80CA5DDA1476B03C00D55DD2 /* en */,
			);
			name = Localizable.strings;
			sourceTree = "<group>";
		};
/* End PBXVariantGroup section */

/* Begin XCBuildConfiguration section */
		8066FBBF14432FAD00E48AF1 /* Debug */ = {
			isa = XCBuildConfiguration;
			buildSettings = {
				ARCHS = "$(ARCHS_STANDARD_64_BIT)";
				GCC_C_LANGUAGE_STANDARD = gnu99;
				GCC_OPTIMIZATION_LEVEL = 0;
				GCC_PREPROCESSOR_DEFINITIONS = DEBUG;
				GCC_SYMBOLS_PRIVATE_EXTERN = NO;
				GCC_VERSION = com.apple.compilers.llvm.clang.1_0;
				GCC_WARN_64_TO_32_BIT_CONVERSION = YES;
				GCC_WARN_ABOUT_RETURN_TYPE = YES;
				GCC_WARN_UNUSED_VARIABLE = YES;
				MACOSX_DEPLOYMENT_TARGET = 10.6;
				ONLY_ACTIVE_ARCH = YES;
				SDKROOT = macosx;
			};
			name = Debug;
		};
		8066FBC014432FAD00E48AF1 /* Release */ = {
			isa = XCBuildConfiguration;
			buildSettings = {
				ARCHS = "$(ARCHS_STANDARD_64_BIT)";
				GCC_C_LANGUAGE_STANDARD = gnu99;
				GCC_VERSION = com.apple.compilers.llvm.clang.1_0;
				GCC_WARN_64_TO_32_BIT_CONVERSION = YES;
				GCC_WARN_ABOUT_RETURN_TYPE = YES;
				GCC_WARN_UNUSED_VARIABLE = YES;
				MACOSX_DEPLOYMENT_TARGET = 10.6;
				ONLY_ACTIVE_ARCH = YES;
				SDKROOT = macosx;
			};
			name = Release;
		};
		8066FBC214432FAD00E48AF1 /* Debug */ = {
			isa = XCBuildConfiguration;
			buildSettings = {
				ALWAYS_SEARCH_USER_PATHS = NO;
				COPY_PHASE_STRIP = NO;
				GCC_DYNAMIC_NO_PIC = NO;
				GCC_ENABLE_OBJC_EXCEPTIONS = YES;
				GCC_PRECOMPILE_PREFIX_HEADER = YES;
				GCC_PREFIX_HEADER = "PukkaAccounts/PukkaAccounts-Prefix.pch";
				INFOPLIST_FILE = "PukkaAccounts/PukkaAccounts-Info.plist";
				PRODUCT_NAME = "$(TARGET_NAME)";
				WRAPPER_EXTENSION = app;
			};
			name = Debug;
		};
		8066FBC314432FAD00E48AF1 /* Release */ = {
			isa = XCBuildConfiguration;
			buildSettings = {
				ALWAYS_SEARCH_USER_PATHS = NO;
				COPY_PHASE_STRIP = YES;
				DEBUG_INFORMATION_FORMAT = "dwarf-with-dsym";
				GCC_ENABLE_OBJC_EXCEPTIONS = YES;
				GCC_PRECOMPILE_PREFIX_HEADER = YES;
				GCC_PREFIX_HEADER = "PukkaAccounts/PukkaAccounts-Prefix.pch";
				INFOPLIST_FILE = "PukkaAccounts/PukkaAccounts-Info.plist";
				PRODUCT_NAME = "$(TARGET_NAME)";
				WRAPPER_EXTENSION = app;
			};
			name = Release;
		};
/* End XCBuildConfiguration section */

/* Begin XCConfigurationList section */
		8066FB9A14432FAD00E48AF1 /* Build configuration list for PBXProject "PukkaAccounts" */ = {
			isa = XCConfigurationList;
			buildConfigurations = (
				8066FBBF14432FAD00E48AF1 /* Debug */,
				8066FBC014432FAD00E48AF1 /* Release */,
			);
			defaultConfigurationIsVisible = 0;
			defaultConfigurationName = Release;
		};
		8066FBC114432FAD00E48AF1 /* Build configuration list for PBXNativeTarget "PukkaAccounts" */ = {
			isa = XCConfigurationList;
			buildConfigurations = (
				8066FBC214432FAD00E48AF1 /* Debug */,
				8066FBC314432FAD00E48AF1 /* Release */,
			);
			defaultConfigurationIsVisible = 0;
			defaultConfigurationName = Release;
		};
/* End XCConfigurationList section */

/* Begin XCVersionGroup section */
		8066FBBC14432FAD00E48AF1 /* PukkaAccounts.xcdatamodeld */ = {
			isa = XCVersionGroup;
			children = (
				8066FBBD14432FAD00E48AF1 /* PukkaAccounts.xcdatamodel */,
			);
			currentVersion = 8066FBBD14432FAD00E48AF1 /* PukkaAccounts.xcdatamodel */;
			path = PukkaAccounts.xcdatamodeld;
			sourceTree = "<group>";
			versionGroupType = wrapper.xcdatamodel;
		};
/* End XCVersionGroup section */
	};
	rootObject = 8066FB9714432FAD00E48AF1 /* Project object */;
}
